
Microsoft Visual Studio Solution File, Format Version 12.00
# Visual Studio Version 16
VisualStudioVersion = 16.0.32002.261
MinimumVisualStudioVersion = 10.0.40219.1
Project("{FAE04EC0-301F-11D3-BF4B-00C04F79EFBC}") = "ConsoleLab8_2", "ConsoleLab8_2\ConsoleLab8_2.csproj", "{77736885-36EF-411A-88F3-DD5126655B9C}"
EndProject
Global
	GlobalSection(SolutionConfigurationPlatforms) = preSolution
		Debug|Any CPU = Debug|Any CPU
		Release|Any CPU = Release|Any CPU
	EndGlobalSection
	GlobalSection(ProjectConfigurationPlatforms) = postSolution
		{77736885-36EF-411A-88F3-DD5126655B9C}.Debug|Any CPU.ActiveCfg = Debug|Any CPU
		{77736885-36EF-411A-88F3-DD5126655B9C}.Debug|Any CPU.Build.0 = Debug|Any CPU
		{77736885-36EF-411A-88F3-DD5126655B9C}.Release|Any CPU.ActiveCfg = Release|Any CPU
		{77736885-36EF-411A-88F3-DD5126655B9C}.Release|Any CPU.Build.0 = Release|Any CPU
	EndGlobalSection
	GlobalSection(SolutionProperties) = preSolution
		HideSolutionNode = FALSE
	EndGlobalSection
	GlobalSection(ExtensibilityGlobals) = postSolution
		SolutionGuid = {0B8FAD7E-54E2-4A7C-A246-34CBD2CAEFAB}
	EndGlobalSection
EndGlobal
